// !$*UTF8*$!
{
	archiveVersion = 1;
	classes = {
	};
	objectVersion = 46;
	objects = {

/* Begin PBXBuildFile section */
		E225365B1946F41A0084698E /* Foundation.framework in Frameworks */ = {isa = PBXBuildFile; fileRef = E225365A1946F41A0084698E /* Foundation.framework */; };
		E225365D1946F41A0084698E /* CoreGraphics.framework in Frameworks */ = {isa = PBXBuildFile; fileRef = E225365C1946F41A0084698E /* CoreGraphics.framework */; };
		E225365F1946F41A0084698E /* UIKit.framework in Frameworks */ = {isa = PBXBuildFile; fileRef = E225365E1946F41A0084698E /* UIKit.framework */; };
		E22536651946F41A0084698E /* InfoPlist.strings in Resources */ = {isa = PBXBuildFile; fileRef = E22536631946F41A0084698E /* InfoPlist.strings */; };
		E22536671946F41A0084698E /* main.m in Sources */ = {isa = PBXBuildFile; fileRef = E22536661946F41A0084698E /* main.m */; };
		E225366B1946F41A0084698E /* AppDelegate.m in Sources */ = {isa = PBXBuildFile; fileRef = E225366A1946F41A0084698E /* AppDelegate.m */; };
		E225366E1946F41A0084698E /* Main_iPhone.storyboard in Resources */ = {isa = PBXBuildFile; fileRef = E225366C1946F41A0084698E /* Main_iPhone.storyboard */; };
		E22536711946F41A0084698E /* Main_iPad.storyboard in Resources */ = {isa = PBXBuildFile; fileRef = E225366F1946F41A0084698E /* Main_iPad.storyboard */; };
		E22536741946F41A0084698E /* ViewController.m in Sources */ = {isa = PBXBuildFile; fileRef = E22536731946F41A0084698E /* ViewController.m */; };
		E22536761946F41A0084698E /* Images.xcassets in Resources */ = {isa = PBXBuildFile; fileRef = E22536751946F41A0084698E /* Images.xcassets */; };
		E225367D1946F41A0084698E /* XCTest.framework in Frameworks */ = {isa = PBXBuildFile; fileRef = E225367C1946F41A0084698E /* XCTest.framework */; };
		E225367E1946F41A0084698E /* Foundation.framework in Frameworks */ = {isa = PBXBuildFile; fileRef = E225365A1946F41A0084698E /* Foundation.framework */; };
		E225367F1946F41A0084698E /* UIKit.framework in Frameworks */ = {isa = PBXBuildFile; fileRef = E225365E1946F41A0084698E /* UIKit.framework */; };
		E22536871946F41A0084698E /* InfoPlist.strings in Resources */ = {isa = PBXBuildFile; fileRef = E22536851946F41A0084698E /* InfoPlist.strings */; };
		E22536891946F41A0084698E /* sunTests.m in Sources */ = {isa = PBXBuildFile; fileRef = E22536881946F41A0084698E /* sunTests.m */; };
/* End PBXBuildFile section */

/* Begin PBXContainerItemProxy section */
		E22536801946F41A0084698E /* PBXContainerItemProxy */ = {
			isa = PBXContainerItemProxy;
			containerPortal = E225364F1946F41A0084698E /* Project object */;
			proxyType = 1;
			remoteGlobalIDString = E22536561946F41A0084698E;
			remoteInfo = sun;
		};
/* End PBXContainerItemProxy section */

/* Begin PBXFileReference section */
		E22536571946F41A0084698E /* sun.app */ = {isa = PBXFileReference; explicitFileType = wrapper.application; includeInIndex = 0; path = sun.app; sourceTree = BUILT_PRODUCTS_DIR; };
		E225365A1946F41A0084698E /* Foundation.framework */ = {isa = PBXFileReference; lastKnownFileType = wrapper.framework; name = Foundation.framework; path = System/Library/Frameworks/Foundation.framework; sourceTree = SDKROOT; };
		E225365C1946F41A0084698E /* CoreGraphics.framework */ = {isa = PBXFileReference; lastKnownFileType = wrapper.framework; name = CoreGraphics.framework; path = System/Library/Frameworks/CoreGraphics.framework; sourceTree = SDKROOT; };
		E225365E1946F41A0084698E /* UIKit.framework */ = {isa = PBXFileReference; lastKnownFileType = wrapper.framework; name = UIKit.framework; path = System/Library/Frameworks/UIKit.framework; sourceTree = SDKROOT; };
		E22536621946F41A0084698E /* sun-Info.plist */ = {isa = PBXFileReference; lastKnownFileType = text.plist.xml; path = "sun-Info.plist"; sourceTree = "<group>"; };
		E22536641946F41A0084698E /* en */ = {isa = PBXFileReference; lastKnownFileType = text.plist.strings; name = en; path = en.lproj/InfoPlist.strings; sourceTree = "<group>"; };
		E22536661946F41A0084698E /* main.m */ = {isa = PBXFileReference; lastKnownFileType = sourcecode.c.objc; path = main.m; sourceTree = "<group>"; };
		E22536681946F41A0084698E /* sun-Prefix.pch */ = {isa = PBXFileReference; lastKnownFileType = sourcecode.c.h; path = "sun-Prefix.pch"; sourceTree = "<group>"; };
		E22536691946F41A0084698E /* AppDelegate.h */ = {isa = PBXFileReference; lastKnownFileType = sourcecode.c.h; path = AppDelegate.h; sourceTree = "<group>"; };
		E225366A1946F41A0084698E /* AppDelegate.m */ = {isa = PBXFileReference; lastKnownFileType = sourcecode.c.objc; path = AppDelegate.m; sourceTree = "<group>"; };
		E225366D1946F41A0084698E /* Base */ = {isa = PBXFileReference; lastKnownFileType = file.storyboard; name = Base; path = Base.lproj/Main_iPhone.storyboard; sourceTree = "<group>"; };
		E22536701946F41A0084698E /* Base */ = {isa = PBXFileReference; lastKnownFileType = file.storyboard; name = Base; path = Base.lproj/Main_iPad.storyboard; sourceTree = "<group>"; };
		E22536721946F41A0084698E /* ViewController.h */ = {isa = PBXFileReference; lastKnownFileType = sourcecode.c.h; path = ViewController.h; sourceTree = "<group>"; };
		E22536731946F41A0084698E /* ViewController.m */ = {isa = PBXFileReference; lastKnownFileType = sourcecode.c.objc; path = ViewController.m; sourceTree = "<group>"; };
		E22536751946F41A0084698E /* Images.xcassets */ = {isa = PBXFileReference; lastKnownFileType = folder.assetcatalog; path = Images.xcassets; sourceTree = "<group>"; };
		E225367B1946F41A0084698E /* sunTests.xctest */ = {isa = PBXFileReference; explicitFileType = wrapper.cfbundle; includeInIndex = 0; path = sunTests.xctest; sourceTree = BUILT_PRODUCTS_DIR; };
		E225367C1946F41A0084698E /* XCTest.framework */ = {isa = PBXFileReference; lastKnownFileType = wrapper.framework; name = XCTest.framework; path = Library/Frameworks/XCTest.framework; sourceTree = DEVELOPER_DIR; };
		E22536841946F41A0084698E /* sunTests-Info.plist */ = {isa = PBXFileReference; lastKnownFileType = text.plist.xml; path = "sunTests-Info.plist"; sourceTree = "<group>"; };
		E22536861946F41A0084698E /* en */ = {isa = PBXFileReference; lastKnownFileType = text.plist.strings; name = en; path = en.lproj/InfoPlist.strings; sourceTree = "<group>"; };
		E22536881946F41A0084698E /* sunTests.m */ = {isa = PBXFileReference; lastKnownFileType = sourcecode.c.objc; path = sunTests.m; sourceTree = "<group>"; };
/* End PBXFileReference section */

/* Begin PBXFrameworksBuildPhase section */
		E22536541946F41A0084698E /* Frameworks */ = {
			isa = PBXFrameworksBuildPhase;
			buildActionMask = 2147483647;
			files = (
				E225365D1946F41A0084698E /* CoreGraphics.framework in Frameworks */,
				E225365F1946F41A0084698E /* UIKit.framework in Frameworks */,
				E225365B1946F41A0084698E /* Foundation.framework in Frameworks */,
			);
			runOnlyForDeploymentPostprocessing = 0;
		};
		E22536781946F41A0084698E /* Frameworks */ = {
			isa = PBXFrameworksBuildPhase;
			buildActionMask = 2147483647;
			files = (
				E225367D1946F41A0084698E /* XCTest.framework in Frameworks */,
				E225367F1946F41A0084698E /* UIKit.framework in Frameworks */,
				E225367E1946F41A0084698E /* Foundation.framework in Frameworks */,
			);
			runOnlyForDeploymentPostprocessing = 0;
		};
/* End PBXFrameworksBuildPhase section */

/* Begin PBXGroup section */
		E225364E1946F41A0084698E = {
			isa = PBXGroup;
			children = (
				E22536601946F41A0084698E /* sun */,
				E22536821946F41A0084698E /* sunTests */,
				E22536591946F41A0084698E /* Frameworks */,
				E22536581946F41A0084698E /* Products */,
			);
			sourceTree = "<group>";
		};
		E22536581946F41A0084698E /* Products */ = {
			isa = PBXGroup;
			children = (
				E22536571946F41A0084698E /* sun.app */,
				E225367B1946F41A0084698E /* sunTests.xctest */,
			);
			name = Products;
			sourceTree = "<group>";
		};
		E22536591946F41A0084698E /* Frameworks */ = {
			isa = PBXGroup;
			children = (
				E225365A1946F41A0084698E /* Foundation.framework */,
				E225365C1946F41A0084698E /* CoreGraphics.framework */,
				E225365E1946F41A0084698E /* UIKit.framework */,
				E225367C1946F41A0084698E /* XCTest.framework */,
			);
			name = Frameworks;
			sourceTree = "<group>";
		};
		E22536601946F41A0084698E /* sun */ = {
			isa = PBXGroup;
			children = (
				E22536691946F41A0084698E /* AppDelegate.h */,
				E225366A1946F41A0084698E /* AppDelegate.m */,
				E225366C1946F41A0084698E /* Main_iPhone.storyboard */,
				E225366F1946F41A0084698E /* Main_iPad.storyboard */,
				E22536721946F41A0084698E /* ViewController.h */,
				E22536731946F41A0084698E /* ViewController.m */,
				E22536751946F41A0084698E /* Images.xcassets */,
				E22536611946F41A0084698E /* Supporting Files */,
			);
			path = sun;
			sourceTree = "<group>";
		};
		E22536611946F41A0084698E /* Supporting Files */ = {
			isa = PBXGroup;
			children = (
				E22536621946F41A0084698E /* sun-Info.plist */,
				E22536631946F41A0084698E /* InfoPlist.strings */,
				E22536661946F41A0084698E /* main.m */,
				E22536681946F41A0084698E /* sun-Prefix.pch */,
			);
			name = "Supporting Files";
			sourceTree = "<group>";
		};
		E22536821946F41A0084698E /* sunTests */ = {
			isa = PBXGroup;
			children = (
				E22536881946F41A0084698E /* sunTests.m */,
				E22536831946F41A0084698E /* Supporting Files */,
			);
			path = sunTests;
			sourceTree = "<group>";
		};
		E22536831946F41A0084698E /* Supporting Files */ = {
			isa = PBXGroup;
			children = (
				E22536841946F41A0084698E /* sunTests-Info.plist */,
				E22536851946F41A0084698E /* InfoPlist.strings */,
			);
			name = "Supporting Files";
			sourceTree = "<group>";
		};
/* End PBXGroup section */

/* Begin PBXNativeTarget section */
		E22536561946F41A0084698E /* sun */ = {
			isa = PBXNativeTarget;
			buildConfigurationList = E225368C1946F41A0084698E /* Build configuration list for PBXNativeTarget "sun" */;
			buildPhases = (
				E22536531946F41A0084698E /* Sources */,
				E22536541946F41A0084698E /* Frameworks */,
				E22536551946F41A0084698E /* Resources */,
			);
			buildRules = (
			);
			dependencies = (
			);
			name = sun;
			productName = sun;
			productReference = E22536571946F41A0084698E /* sun.app */;
			productType = "com.apple.product-type.application";
		};
		E225367A1946F41A0084698E /* sunTests */ = {
			isa = PBXNativeTarget;
			buildConfigurationList = E225368F1946F41A0084698E /* Build configuration list for PBXNativeTarget "sunTests" */;
			buildPhases = (
				E22536771946F41A0084698E /* Sources */,
				E22536781946F41A0084698E /* Frameworks */,
				E22536791946F41A0084698E /* Resources */,
			);
			buildRules = (
			);
			dependencies = (
				E22536811946F41A0084698E /* PBXTargetDependency */,
			);
			name = sunTests;
			productName = sunTests;
			productReference = E225367B1946F41A0084698E /* sunTests.xctest */;
			productType = "com.apple.product-type.bundle.unit-test";
		};
/* End PBXNativeTarget section */

/* Begin PBXProject section */
		E225364F1946F41A0084698E /* Project object */ = {
			isa = PBXProject;
			attributes = {
				LastUpgradeCheck = 0510;
				ORGANIZATIONNAME = akzhang;
				TargetAttributes = {
					E225367A1946F41A0084698E = {
						TestTargetID = E22536561946F41A0084698E;
					};
				};
			};
			buildConfigurationList = E22536521946F41A0084698E /* Build configuration list for PBXProject "sun" */;
			compatibilityVersion = "Xcode 3.2";
			developmentRegion = English;
			hasScannedForEncodings = 0;
			knownRegions = (
				en,
				Base,
			);
			mainGroup = E225364E1946F41A0084698E;
			productRefGroup = E22536581946F41A0084698E /* Products */;
			projectDirPath = "";
			projectRoot = "";
			targets = (
				E22536561946F41A0084698E /* sun */,
				E225367A1946F41A0084698E /* sunTests */,
			);
		};
/* End PBXProject section */

/* Begin PBXResourcesBuildPhase section */
		E22536551946F41A0084698E /* Resources */ = {
			isa = PBXResourcesBuildPhase;
			buildActionMask = 2147483647;
			files = (
				E22536711946F41A0084698E /* Main_iPad.storyboard in Resources */,
				E22536761946F41A0084698E /* Images.xcassets in Resources */,
				E225366E1946F41A0084698E /* Main_iPhone.storyboard in Resources */,
				E22536651946F41A0084698E /* InfoPlist.strings in Resources */,
			);
			runOnlyForDeploymentPostprocessing = 0;
		};
		E22536791946F41A0084698E /* Resources */ = {
			isa = PBXResourcesBuildPhase;
			buildActionMask = 2147483647;
			files = (
				E22536871946F41A0084698E /* InfoPlist.strings in Resources */,
			);
			runOnlyForDeploymentPostprocessing = 0;
		};
/* End PBXResourcesBuildPhase section */

/* Begin PBXSourcesBuildPhase section */
		E22536531946F41A0084698E /* Sources */ = {
			isa = PBXSourcesBuildPhase;
			buildActionMask = 2147483647;
			files = (
				E22536741946F41A0084698E /* ViewController.m in Sources */,
				E225366B1946F41A0084698E /* AppDelegate.m in Sources */,
				E22536671946F41A0084698E /* main.m in Sources */,
			);
			runOnlyForDeploymentPostprocessing = 0;
		};
		E22536771946F41A0084698E /* Sources */ = {
			isa = PBXSourcesBuildPhase;
			buildActionMask = 2147483647;
			files = (
				E22536891946F41A0084698E /* sunTests.m in Sources */,
			);
			runOnlyForDeploymentPostprocessing = 0;
		};
/* End PBXSourcesBuildPhase section */

/* Begin PBXTargetDependency section */
		E22536811946F41A0084698E /* PBXTargetDependency */ = {
			isa = PBXTargetDependency;
			target = E22536561946F41A0084698E /* sun */;
			targetProxy = E22536801946F41A0084698E /* PBXContainerItemProxy */;
		};
/* End PBXTargetDependency section */

/* Begin PBXVariantGroup section */
		E22536631946F41A0084698E /* InfoPlist.strings */ = {
			isa = PBXVariantGroup;
			children = (
				E22536641946F41A0084698E /* en */,
			);
			name = InfoPlist.strings;
			sourceTree = "<group>";
		};
		E225366C1946F41A0084698E /* Main_iPhone.storyboard */ = {
			isa = PBXVariantGroup;
			children = (
				E225366D1946F41A0084698E /* Base */,
			);
			name = Main_iPhone.storyboard;
			sourceTree = "<group>";
		};
		E225366F1946F41A0084698E /* Main_iPad.storyboard */ = {
			isa = PBXVariantGroup;
			children = (
				E22536701946F41A0084698E /* Base */,
			);
			name = Main_iPad.storyboard;
			sourceTree = "<group>";
		};
		E22536851946F41A0084698E /* InfoPlist.strings */ = {
			isa = PBXVariantGroup;
			children = (
				E22536861946F41A0084698E /* en */,
			);
			name = InfoPlist.strings;
			sourceTree = "<group>";
		};
/* End PBXVariantGroup section */

/* Begin XCBuildConfiguration section */
		E225368A1946F41A0084698E /* Debug */ = {
			isa = XCBuildConfiguration;
			buildSettings = {
				ALWAYS_SEARCH_USER_PATHS = NO;
				CLANG_CXX_LANGUAGE_STANDARD = "gnu++0x";
				CLANG_CXX_LIBRARY = "libc++";
				CLANG_ENABLE_MODULES = YES;
				CLANG_ENABLE_OBJC_ARC = YES;
				CLANG_WARN_BOOL_CONVERSION = YES;
				CLANG_WARN_CONSTANT_CONVERSION = YES;
				CLANG_WARN_DIRECT_OBJC_ISA_USAGE = YES_ERROR;
				CLANG_WARN_EMPTY_BODY = YES;
				CLANG_WARN_ENUM_CONVERSION = YES;
				CLANG_WARN_INT_CONVERSION = YES;
				CLANG_WARN_OBJC_ROOT_CLASS = YES_ERROR;
				CLANG_WARN__DUPLICATE_METHOD_MATCH = YES;
				"CODE_SIGN_IDENTITY[sdk=iphoneos*]" = "iPhone Developer";
				COPY_PHASE_STRIP = NO;
				GCC_C_LANGUAGE_STANDARD = gnu99;
				GCC_DYNAMIC_NO_PIC = NO;
				GCC_OPTIMIZATION_LEVEL = 0;
				GCC_PREPROCESSOR_DEFINITIONS = (
					"DEBUG=1",
					"$(inherited)",
				);
				GCC_SYMBOLS_PRIVATE_EXTERN = NO;
				GCC_WARN_64_TO_32_BIT_CONVERSION = YES;
				GCC_WARN_ABOUT_RETURN_TYPE = YES_ERROR;
				GCC_WARN_UNDECLARED_SELECTOR = YES;
				GCC_WARN_UNINITIALIZED_AUTOS = YES_AGGRESSIVE;
				GCC_WARN_UNUSED_FUNCTION = YES;
				GCC_WARN_UNUSED_VARIABLE = YES;
				IPHONEOS_DEPLOYMENT_TARGET = 7.1;
				ONLY_ACTIVE_ARCH = YES;
				SDKROOT = iphoneos;
				TARGETED_DEVICE_FAMILY = "1,2";
			};
			name = Debug;
		};
		E225368B1946F41A0084698E /* Release */ = {
			isa = XCBuildConfiguration;
			buildSettings = {
				ALWAYS_SEARCH_USER_PATHS = NO;
				CLANG_CXX_LANGUAGE_STANDARD = "gnu++0x";
				CLANG_CXX_LIBRARY = "libc++";
				CLANG_ENABLE_MODULES = YES;
				CLANG_ENABLE_OBJC_ARC = YES;
				CLANG_WARN_BOOL_CONVERSION = YES;
				CLANG_WARN_CONSTANT_CONVERSION = YES;
				CLANG_WARN_DIRECT_OBJC_ISA_USAGE = YES_ERROR;
				CLANG_WARN_EMPTY_BODY = YES;
				CLANG_WARN_ENUM_CONVERSION = YES;
				CLANG_WARN_INT_CONVERSION = YES;
				CLANG_WARN_OBJC_ROOT_CLASS = YES_ERROR;
				CLANG_WARN__DUPLICATE_METHOD_MATCH = YES;
				"CODE_SIGN_IDENTITY[sdk=iphoneos*]" = "iPhone Developer";
				COPY_PHASE_STRIP = YES;
				ENABLE_NS_ASSERTIONS = NO;
				GCC_C_LANGUAGE_STANDARD = gnu99;
				GCC_WARN_64_TO_32_BIT_CONVERSION = YES;
				GCC_WARN_ABOUT_RETURN_TYPE = YES_ERROR;
				GCC_WARN_UNDECLARED_SELECTOR = YES;
				GCC_WARN_UNINITIALIZED_AUTOS = YES_AGGRESSIVE;
				GCC_WARN_UNUSED_FUNCTION = YES;
				GCC_WARN_UNUSED_VARIABLE = YES;
				IPHONEOS_DEPLOYMENT_TARGET = 7.1;
				SDKROOT = iphoneos;
				TARGETED_DEVICE_FAMILY = "1,2";
				VALIDATE_PRODUCT = YES;
			};
			name = Release;
		};
		E225368D1946F41A0084698E /* Debug */ = {
			isa = XCBuildConfiguration;
			buildSettings = {
				ASSETCATALOG_COMPILER_APPICON_NAME = AppIcon;
				ASSETCATALOG_COMPILER_LAUNCHIMAGE_NAME = LaunchImage;
				GCC_PRECOMPILE_PREFIX_HEADER = YES;
				GCC_PREFIX_HEADER = "sun/sun-Prefix.pch";
				INFOPLIST_FILE = "sun/sun-Info.plist";
				PRODUCT_NAME = "$(TARGET_NAME)";
				WRAPPER_EXTENSION = app;
			};
			name = Debug;
		};
		E225368E1946F41A0084698E /* Release */ = {
			isa = XCBuildConfiguration;
			buildSettings = {
				ASSETCATALOG_COMPILER_APPICON_NAME = AppIcon;
				ASSETCATALOG_COMPILER_LAUNCHIMAGE_NAME = LaunchImage;
				GCC_PRECOMPILE_PREFIX_HEADER = YES;
				GCC_PREFIX_HEADER = "sun/sun-Prefix.pch";
				INFOPLIST_FILE = "sun/sun-Info.plist";
				PRODUCT_NAME = "$(TARGET_NAME)";
				WRAPPER_EXTENSION = app;
			};
			name = Release;
		};
		E22536901946F41A0084698E /* Debug */ = {
			isa = XCBuildConfiguration;
			buildSettings = {
				BUNDLE_LOADER = "$(BUILT_PRODUCTS_DIR)/sun.app/sun";
				FRAMEWORK_SEARCH_PATHS = (
					"$(SDKROOT)/Developer/Library/Frameworks",
					"$(inherited)",
					"$(DEVELOPER_FRAMEWORKS_DIR)",
				);
				GCC_PRECOMPILE_PREFIX_HEADER = YES;
				GCC_PREFIX_HEADER = "sun/sun-Prefix.pch";
				GCC_PREPROCESSOR_DEFINITIONS = (
					"DEBUG=1",
					"$(inherited)",
				);
				INFOPLIST_FILE = "sunTests/sunTests-Info.plist";
				PRODUCT_NAME = "$(TARGET_NAME)";
				TEST_HOST = "$(BUNDLE_LOADER)";
				WRAPPER_EXTENSION = xctest;
			};
			name = Debug;
		};
		E22536911946F41A0084698E /* Release */ = {
			isa = XCBuildConfiguration;
			buildSettings = {
				BUNDLE_LOADER = "$(BUILT_PRODUCTS_DIR)/sun.app/sun";
				FRAMEWORK_SEARCH_PATHS = (
					"$(SDKROOT)/Developer/Library/Frameworks",
					"$(inherited)",
					"$(DEVELOPER_FRAMEWORKS_DIR)",
				);
				GCC_PRECOMPILE_PREFIX_HEADER = YES;
				GCC_PREFIX_HEADER = "sun/sun-Prefix.pch";
				INFOPLIST_FILE = "sunTests/sunTests-Info.plist";
				PRODUCT_NAME = "$(TARGET_NAME)";
				TEST_HOST = "$(BUNDLE_LOADER)";
				WRAPPER_EXTENSION = xctest;
			};
			name = Release;
		};
/* End XCBuildConfiguration section */

/* Begin XCConfigurationList section */
		E22536521946F41A0084698E /* Build configuration list for PBXProject "sun" */ = {
			isa = XCConfigurationList;
			buildConfigurations = (
				E225368A1946F41A0084698E /* Debug */,
				E225368B1946F41A0084698E /* Release */,
			);
			defaultConfigurationIsVisible = 0;
			defaultConfigurationName = Release;
		};
		E225368C1946F41A0084698E /* Build configuration list for PBXNativeTarget "sun" */ = {
			isa = XCConfigurationList;
			buildConfigurations = (
				E225368D1946F41A0084698E /* Debug */,
				E225368E1946F41A0084698E /* Release */,
			);
			defaultConfigurationIsVisible = 0;
		};
		E225368F1946F41A0084698E /* Build configuration list for PBXNativeTarget "sunTests" */ = {
			isa = XCConfigurationList;
			buildConfigurations = (
				E22536901946F41A0084698E /* Debug */,
				E22536911946F41A0084698E /* Release */,
			);
			defaultConfigurationIsVisible = 0;
		};
/* End XCConfigurationList section */
	};
	rootObject = E225364F1946F41A0084698E /* Project object */;
}
